
Microsoft Visual Studio Solution File, Format Version 12.00
# Visual Studio Version 16
VisualStudioVersion = 16.0.29806.167
MinimumVisualStudioVersion = 10.0.40219.1
Project("{FAE04EC0-301F-11D3-BF4B-00C04F79EFBC}") = "number_guesser", "number_guesser\number_guesser.csproj", "{302595D1-5EAF-48D2-9C03-EF62234679D3}"
EndProject
Global
	GlobalSection(SolutionConfigurationPlatforms) = preSolution
		Debug|Any CPU = Debug|Any CPU
		Release|Any CPU = Release|Any CPU
	EndGlobalSection
	GlobalSection(ProjectConfigurationPlatforms) = postSolution
		{302595D1-5EAF-48D2-9C03-EF62234679D3}.Debug|Any CPU.ActiveCfg = Debug|Any CPU
		{302595D1-5EAF-48D2-9C03-EF62234679D3}.Debug|Any CPU.Build.0 = Debug|Any CPU
		{302595D1-5EAF-48D2-9C03-EF62234679D3}.Release|Any CPU.ActiveCfg = Release|Any CPU
		{302595D1-5EAF-48D2-9C03-EF62234679D3}.Release|Any CPU.Build.0 = Release|Any CPU
	EndGlobalSection
	GlobalSection(SolutionProperties) = preSolution
		HideSolutionNode = FALSE
	EndGlobalSection
	GlobalSection(ExtensibilityGlobals) = postSolution
		SolutionGuid = {D36ABE05-91C3-4CE9-9B35-4C07CB5A532C}
	EndGlobalSection
EndGlobal
